
Microsoft Visual Studio Solution File, Format Version 12.00
# Visual Studio Version 16
VisualStudioVersion = 16.0.30711.63
MinimumVisualStudioVersion = 10.0.40219.1
Project("{FAE04EC0-301F-11D3-BF4B-00C04F79EFBC}") = "BestFriend.WebMVC", "BestFriend.WebMVC\BestFriend.WebMVC.csproj", "{49C21B95-432F-4FE5-9CD3-60C43E9A282B}"
EndProject
Project("{FAE04EC0-301F-11D3-BF4B-00C04F79EFBC}") = "BestFriend.Data", "BestFriend.Data\BestFriend.Data.csproj", "{882FB6B2-FEBC-4953-94D4-72E0E49BD5CA}"
EndProject
Project("{FAE04EC0-301F-11D3-BF4B-00C04F79EFBC}") = "BestFriend.Models", "BestFriend.Models\BestFriend.Models.csproj", "{4CA10300-EAA6-42FA-8A4B-15651FD8947A}"
EndProject
Project("{FAE04EC0-301F-11D3-BF4B-00C04F79EFBC}") = "BestFriend.Services", "BestFriend.Services\BestFriend.Services.csproj", "{6D379937-16A7-44B4-B05B-F63D6257805B}"
EndProject
Global
	GlobalSection(SolutionConfigurationPlatforms) = preSolution
		Debug|Any CPU = Debug|Any CPU
		Release|Any CPU = Release|Any CPU
	EndGlobalSection
	GlobalSection(ProjectConfigurationPlatforms) = postSolution
		{49C21B95-432F-4FE5-9CD3-60C43E9A282B}.Debug|Any CPU.ActiveCfg = Debug|Any CPU
		{49C21B95-432F-4FE5-9CD3-60C43E9A282B}.Debug|Any CPU.Build.0 = Debug|Any CPU
		{49C21B95-432F-4FE5-9CD3-60C43E9A282B}.Release|Any CPU.ActiveCfg = Release|Any CPU
		{49C21B95-432F-4FE5-9CD3-60C43E9A282B}.Release|Any CPU.Build.0 = Release|Any CPU
		{882FB6B2-FEBC-4953-94D4-72E0E49BD5CA}.Debug|Any CPU.ActiveCfg = Debug|Any CPU
		{882FB6B2-FEBC-4953-94D4-72E0E49BD5CA}.Debug|Any CPU.Build.0 = Debug|Any CPU
		{882FB6B2-FEBC-4953-94D4-72E0E49BD5CA}.Release|Any CPU.ActiveCfg = Release|Any CPU
		{882FB6B2-FEBC-4953-94D4-72E0E49BD5CA}.Release|Any CPU.Build.0 = Release|Any CPU
		{4CA10300-EAA6-42FA-8A4B-15651FD8947A}.Debug|Any CPU.ActiveCfg = Debug|Any CPU
		{4CA10300-EAA6-42FA-8A4B-15651FD8947A}.Debug|Any CPU.Build.0 = Debug|Any CPU
		{4CA10300-EAA6-42FA-8A4B-15651FD8947A}.Release|Any CPU.ActiveCfg = Release|Any CPU
		{4CA10300-EAA6-42FA-8A4B-15651FD8947A}.Release|Any CPU.Build.0 = Release|Any CPU
		{6D379937-16A7-44B4-B05B-F63D6257805B}.Debug|Any CPU.ActiveCfg = Debug|Any CPU
		{6D379937-16A7-44B4-B05B-F63D6257805B}.Debug|Any CPU.Build.0 = Debug|Any CPU
		{6D379937-16A7-44B4-B05B-F63D6257805B}.Release|Any CPU.ActiveCfg = Release|Any CPU
		{6D379937-16A7-44B4-B05B-F63D6257805B}.Release|Any CPU.Build.0 = Release|Any CPU
	EndGlobalSection
	GlobalSection(SolutionProperties) = preSolution
		HideSolutionNode = FALSE
	EndGlobalSection
	GlobalSection(ExtensibilityGlobals) = postSolution
		SolutionGuid = {DAA24C90-7E8F-4D64-8523-F917245F5A00}
	EndGlobalSection
EndGlobal
